# THIS IS AN AUTOGENERATED FILE. DO NOT EDIT THIS FILE DIRECTLY.
# yarn lockfile v1


"@types/delaunator@^2.0.0":
  version "2.0.0"
  resolved "https://registry.yarnpkg.com/@types/delaunator/-/delaunator-2.0.0.tgz#61bd8374db4a75b010e90da162a7fe17fa83fae2"

"@types/lodash@^4.14.116":
  version "4.14.116"
  resolved "https://registry.yarnpkg.com/@types/lodash/-/lodash-4.14.116.tgz#5ccf215653e3e8c786a58390751033a9adca0eb9"

"@types/lodash@^4.14.144":
  version "4.14.144"
  resolved "https://registry.yarnpkg.com/@types/lodash/-/lodash-4.14.144.tgz#12e57fc99064bce45e5ab3c8bc4783feb75eab8e"
  integrity sha512-ogI4g9W5qIQQUhXAclq6zhqgqNUr7UlFaqDHbch7WLSLeeM/7d3CRaw7GLajxvyFvhJqw4Rpcz5bhoaYtIx6Tg==

"agora-graph@https://github.com/agorajs/agora-graph.git#semver:^1.2.0":
  version "1.2.0"
  resolved "https://github.com/agorajs/agora-graph.git#88ec2c2ef7400c33f82efc8ad76c72a770df8c44"
  dependencies:
    "@types/delaunator" "^2.0.0"
    "@types/lodash" "^4.14.116"
    delaunator "^3.0.2"
    lodash "4.17.15"

delaunator@^3.0.2:
  version "3.0.2"
  resolved "https://registry.yarnpkg.com/delaunator/-/delaunator-3.0.2.tgz#62d5d9699cd64a736a2bb9c4d957d662452808d0"

lodash@4.17.15, lodash@^4.17.15:
  version "4.17.15"
  resolved "https://registry.yarnpkg.com/lodash/-/lodash-4.17.15.tgz#b447f6670a0455bbfeedd11392eff330ea097548"
  integrity sha512-8xOcRHvCjnocdS5cpwXQXVzmmh5e5+saE2QGoeQmbKmRS6J3VQppPOIt0MnmE+4xlZoumy0GPG0D0MVIQbNA1A==

typescript@^3.1.3:
  version "3.4.4"
  resolved "https://registry.yarnpkg.com/typescript/-/typescript-3.4.4.tgz#aac4a08abecab8091a75f10842ffa0631818f785"
  integrity sha512-xt5RsIRCEaf6+j9AyOBgvVuAec0i92rgCaS3S+UVf5Z/vF2Hvtsw08wtUTJqp4djwznoAgjSxeCcU4r+CcDBJA==
